
Microsoft Visual Studio Solution File, Format Version 12.00
# Visual Studio 15
VisualStudioVersion = 15.0.28307.960
MinimumVisualStudioVersion = 10.0.40219.1
Project("{FAE04EC0-301F-11D3-BF4B-00C04F79EFBC}") = "DavCoRetailManagment", "DavCoRetailManagment\DavCoRetailManagment.csproj", "{8D9427A2-4A68-4329-BEA6-D80390C29708}"
EndProject
Project("{00D1A9C2-B5F0-4AF3-8072-F6C62B433612}") = "DavData", "DavData\DavData.sqlproj", "{003B7CCD-7C4A-4CCE-AF14-BAA59EEA6550}"
EndProject
Project("{FAE04EC0-301F-11D3-BF4B-00C04F79EFBC}") = "DavCoUI", "DavCoUI\DavCoUI.csproj", "{ECB27F78-0DAF-4BC2-9786-712527E336D3}"
EndProject
Project("{FAE04EC0-301F-11D3-BF4B-00C04F79EFBC}") = "DavDataManager.Library", "DavDataManager.Library\DavDataManager.Library.csproj", "{978B31C2-39B6-4ABA-872E-B7EF31A0342D}"
EndProject
Project("{FAE04EC0-301F-11D3-BF4B-00C04F79EFBC}") = "DavDesktopLibrary", "DavDesktopLibrary\DavDesktopLibrary.csproj", "{F9351DD7-108E-4269-813E-155BA44E027B}"
EndProject
Global
	GlobalSection(SolutionConfigurationPlatforms) = preSolution
		Debug|Any CPU = Debug|Any CPU
		Release|Any CPU = Release|Any CPU
	EndGlobalSection
	GlobalSection(ProjectConfigurationPlatforms) = postSolution
		{8D9427A2-4A68-4329-BEA6-D80390C29708}.Debug|Any CPU.ActiveCfg = Debug|Any CPU
		{8D9427A2-4A68-4329-BEA6-D80390C29708}.Debug|Any CPU.Build.0 = Debug|Any CPU
		{8D9427A2-4A68-4329-BEA6-D80390C29708}.Release|Any CPU.ActiveCfg = Release|Any CPU
		{8D9427A2-4A68-4329-BEA6-D80390C29708}.Release|Any CPU.Build.0 = Release|Any CPU
		{003B7CCD-7C4A-4CCE-AF14-BAA59EEA6550}.Debug|Any CPU.ActiveCfg = Debug|Any CPU
		{003B7CCD-7C4A-4CCE-AF14-BAA59EEA6550}.Debug|Any CPU.Build.0 = Debug|Any CPU
		{003B7CCD-7C4A-4CCE-AF14-BAA59EEA6550}.Debug|Any CPU.Deploy.0 = Debug|Any CPU
		{003B7CCD-7C4A-4CCE-AF14-BAA59EEA6550}.Release|Any CPU.ActiveCfg = Release|Any CPU
		{003B7CCD-7C4A-4CCE-AF14-BAA59EEA6550}.Release|Any CPU.Build.0 = Release|Any CPU
		{003B7CCD-7C4A-4CCE-AF14-BAA59EEA6550}.Release|Any CPU.Deploy.0 = Release|Any CPU
		{ECB27F78-0DAF-4BC2-9786-712527E336D3}.Debug|Any CPU.ActiveCfg = Debug|Any CPU
		{ECB27F78-0DAF-4BC2-9786-712527E336D3}.Debug|Any CPU.Build.0 = Debug|Any CPU
		{ECB27F78-0DAF-4BC2-9786-712527E336D3}.Release|Any CPU.ActiveCfg = Release|Any CPU
		{ECB27F78-0DAF-4BC2-9786-712527E336D3}.Release|Any CPU.Build.0 = Release|Any CPU
		{978B31C2-39B6-4ABA-872E-B7EF31A0342D}.Debug|Any CPU.ActiveCfg = Debug|Any CPU
		{978B31C2-39B6-4ABA-872E-B7EF31A0342D}.Debug|Any CPU.Build.0 = Debug|Any CPU
		{978B31C2-39B6-4ABA-872E-B7EF31A0342D}.Release|Any CPU.ActiveCfg = Release|Any CPU
		{978B31C2-39B6-4ABA-872E-B7EF31A0342D}.Release|Any CPU.Build.0 = Release|Any CPU
		{F9351DD7-108E-4269-813E-155BA44E027B}.Debug|Any CPU.ActiveCfg = Debug|Any CPU
		{F9351DD7-108E-4269-813E-155BA44E027B}.Debug|Any CPU.Build.0 = Debug|Any CPU
		{F9351DD7-108E-4269-813E-155BA44E027B}.Release|Any CPU.ActiveCfg = Release|Any CPU
		{F9351DD7-108E-4269-813E-155BA44E027B}.Release|Any CPU.Build.0 = Release|Any CPU
	EndGlobalSection
	GlobalSection(SolutionProperties) = preSolution
		HideSolutionNode = FALSE
	EndGlobalSection
	GlobalSection(ExtensibilityGlobals) = postSolution
		SolutionGuid = {E60DE500-A927-4646-B8B9-81B1E02A8508}
	EndGlobalSection
EndGlobal
